// !$*UTF8*$!
{
	archiveVersion = 1;
	classes = {
	};
	objectVersion = 56;
	objects = {

/* Begin PBXBuildFile section */
		49289D9F2AB82D8F00EE5105 /* BluetoothManagerApp.swift in Sources */ = {isa = PBXBuildFile; fileRef = 49289D9E2AB82D8F00EE5105 /* BluetoothManagerApp.swift */; };
		49289DA12AB82D8F00EE5105 /* BluetoothListView.swift in Sources */ = {isa = PBXBuildFile; fileRef = 49289DA02AB82D8F00EE5105 /* BluetoothListView.swift */; };
		49289DA32AB82D9000EE5105 /* Assets.xcassets in Resources */ = {isa = PBXBuildFile; fileRef = 49289DA22AB82D9000EE5105 /* Assets.xcassets */; };
		49289DA62AB82D9000EE5105 /* Preview Assets.xcassets in Resources */ = {isa = PBXBuildFile; fileRef = 49289DA52AB82D9000EE5105 /* Preview Assets.xcassets */; };
		49289DAD2AB83A9B00EE5105 /* BluetoothManagerImpl.swift in Sources */ = {isa = PBXBuildFile; fileRef = 49289DAC2AB83A9B00EE5105 /* BluetoothManagerImpl.swift */; };
		49289DB32AB83CC700EE5105 /* CBManagerState+Extension.swift in Sources */ = {isa = PBXBuildFile; fileRef = 49289DB22AB83CC700EE5105 /* CBManagerState+Extension.swift */; };
		49289DB52AB83DD500EE5105 /* CBManagerAuthorization+Extension.swift in Sources */ = {isa = PBXBuildFile; fileRef = 49289DB42AB83DD500EE5105 /* CBManagerAuthorization+Extension.swift */; };
		49289DB72AB8597800EE5105 /* DeviceModel.swift in Sources */ = {isa = PBXBuildFile; fileRef = 49289DB62AB8597800EE5105 /* DeviceModel.swift */; };
		49289DB92AB85D9A00EE5105 /* BluetoothManager.swift in Sources */ = {isa = PBXBuildFile; fileRef = 49289DB82AB85D9A00EE5105 /* BluetoothManager.swift */; };
		49289DBB2AB85E9400EE5105 /* BluetoothManagerMock.swift in Sources */ = {isa = PBXBuildFile; fileRef = 49289DBA2AB85E9400EE5105 /* BluetoothManagerMock.swift */; };
/* End PBXBuildFile section */

/* Begin PBXFileReference section */
		49289D9B2AB82D8F00EE5105 /* BluetoothManager.app */ = {isa = PBXFileReference; explicitFileType = wrapper.application; includeInIndex = 0; path = BluetoothManager.app; sourceTree = BUILT_PRODUCTS_DIR; };
		49289D9E2AB82D8F00EE5105 /* BluetoothManagerApp.swift */ = {isa = PBXFileReference; lastKnownFileType = sourcecode.swift; path = BluetoothManagerApp.swift; sourceTree = "<group>"; };
		49289DA02AB82D8F00EE5105 /* BluetoothListView.swift */ = {isa = PBXFileReference; lastKnownFileType = sourcecode.swift; path = BluetoothListView.swift; sourceTree = "<group>"; };
		49289DA22AB82D9000EE5105 /* Assets.xcassets */ = {isa = PBXFileReference; lastKnownFileType = folder.assetcatalog; path = Assets.xcassets; sourceTree = "<group>"; };
		49289DA52AB82D9000EE5105 /* Preview Assets.xcassets */ = {isa = PBXFileReference; lastKnownFileType = folder.assetcatalog; path = "Preview Assets.xcassets"; sourceTree = "<group>"; };
		49289DAC2AB83A9B00EE5105 /* BluetoothManagerImpl.swift */ = {isa = PBXFileReference; lastKnownFileType = sourcecode.swift; path = BluetoothManagerImpl.swift; sourceTree = "<group>"; };
		49289DB22AB83CC700EE5105 /* CBManagerState+Extension.swift */ = {isa = PBXFileReference; lastKnownFileType = sourcecode.swift; path = "CBManagerState+Extension.swift"; sourceTree = "<group>"; };
		49289DB42AB83DD500EE5105 /* CBManagerAuthorization+Extension.swift */ = {isa = PBXFileReference; lastKnownFileType = sourcecode.swift; path = "CBManagerAuthorization+Extension.swift"; sourceTree = "<group>"; };
		49289DB62AB8597800EE5105 /* DeviceModel.swift */ = {isa = PBXFileReference; lastKnownFileType = sourcecode.swift; path = DeviceModel.swift; sourceTree = "<group>"; };
		49289DB82AB85D9A00EE5105 /* BluetoothManager.swift */ = {isa = PBXFileReference; lastKnownFileType = sourcecode.swift; path = BluetoothManager.swift; sourceTree = "<group>"; };
		49289DBA2AB85E9400EE5105 /* BluetoothManagerMock.swift */ = {isa = PBXFileReference; lastKnownFileType = sourcecode.swift; path = BluetoothManagerMock.swift; sourceTree = "<group>"; };
/* End PBXFileReference section */

/* Begin PBXFrameworksBuildPhase section */
		49289D982AB82D8F00EE5105 /* Frameworks */ = {
			isa = PBXFrameworksBuildPhase;
			buildActionMask = 2147483647;
			files = (
			);
			runOnlyForDeploymentPostprocessing = 0;
		};
/* End PBXFrameworksBuildPhase section */

/* Begin PBXGroup section */
		49289D922AB82D8F00EE5105 = {
			isa = PBXGroup;
			children = (
				49289D9D2AB82D8F00EE5105 /* BluetoothManager */,
				49289D9C2AB82D8F00EE5105 /* Products */,
			);
			sourceTree = "<group>";
		};
		49289D9C2AB82D8F00EE5105 /* Products */ = {
			isa = PBXGroup;
			children = (
				49289D9B2AB82D8F00EE5105 /* BluetoothManager.app */,
			);
			name = Products;
			sourceTree = "<group>";
		};
		49289D9D2AB82D8F00EE5105 /* BluetoothManager */ = {
			isa = PBXGroup;
			children = (
				49289DB12AB83C9000EE5105 /* Util */,
				49289DB02AB83C7700EE5105 /* Extension */,
				49289DAF2AB83C7300EE5105 /* Model */,
				49289DAE2AB83C6F00EE5105 /* View */,
				49289D9E2AB82D8F00EE5105 /* BluetoothManagerApp.swift */,
				49289DA22AB82D9000EE5105 /* Assets.xcassets */,
				49289DA42AB82D9000EE5105 /* Preview Content */,
			);
			path = BluetoothManager;
			sourceTree = "<group>";
		};
		49289DA42AB82D9000EE5105 /* Preview Content */ = {
			isa = PBXGroup;
			children = (
				49289DA52AB82D9000EE5105 /* Preview Assets.xcassets */,
			);
			path = "Preview Content";
			sourceTree = "<group>";
		};
		49289DAE2AB83C6F00EE5105 /* View */ = {
			isa = PBXGroup;
			children = (
				49289DA02AB82D8F00EE5105 /* BluetoothListView.swift */,
			);
			path = View;
			sourceTree = "<group>";
		};
		49289DAF2AB83C7300EE5105 /* Model */ = {
			isa = PBXGroup;
			children = (
				49289DB62AB8597800EE5105 /* DeviceModel.swift */,
			);
			path = Model;
			sourceTree = "<group>";
		};
		49289DB02AB83C7700EE5105 /* Extension */ = {
			isa = PBXGroup;
			children = (
				49289DB22AB83CC700EE5105 /* CBManagerState+Extension.swift */,
				49289DB42AB83DD500EE5105 /* CBManagerAuthorization+Extension.swift */,
			);
			path = Extension;
			sourceTree = "<group>";
		};
		49289DB12AB83C9000EE5105 /* Util */ = {
			isa = PBXGroup;
			children = (
				49289DAC2AB83A9B00EE5105 /* BluetoothManagerImpl.swift */,
				49289DB82AB85D9A00EE5105 /* BluetoothManager.swift */,
				49289DBA2AB85E9400EE5105 /* BluetoothManagerMock.swift */,
			);
			path = Util;
			sourceTree = "<group>";
		};
/* End PBXGroup section */

/* Begin PBXNativeTarget section */
		49289D9A2AB82D8F00EE5105 /* BluetoothManager */ = {
			isa = PBXNativeTarget;
			buildConfigurationList = 49289DA92AB82D9000EE5105 /* Build configuration list for PBXNativeTarget "BluetoothManager" */;
			buildPhases = (
				49289D972AB82D8F00EE5105 /* Sources */,
				49289D982AB82D8F00EE5105 /* Frameworks */,
				49289D992AB82D8F00EE5105 /* Resources */,
			);
			buildRules = (
			);
			dependencies = (
			);
			name = BluetoothManager;
			productName = BluetoothManager;
			productReference = 49289D9B2AB82D8F00EE5105 /* BluetoothManager.app */;
			productType = "com.apple.product-type.application";
		};
/* End PBXNativeTarget section */

/* Begin PBXProject section */
		49289D932AB82D8F00EE5105 /* Project object */ = {
			isa = PBXProject;
			attributes = {
				BuildIndependentTargetsInParallel = 1;
				LastSwiftUpdateCheck = 1430;
				LastUpgradeCheck = 1430;
				TargetAttributes = {
					49289D9A2AB82D8F00EE5105 = {
						CreatedOnToolsVersion = 14.3;
					};
				};
			};
			buildConfigurationList = 49289D962AB82D8F00EE5105 /* Build configuration list for PBXProject "BluetoothManager" */;
			compatibilityVersion = "Xcode 14.0";
			developmentRegion = en;
			hasScannedForEncodings = 0;
			knownRegions = (
				en,
				Base,
			);
			mainGroup = 49289D922AB82D8F00EE5105;
			productRefGroup = 49289D9C2AB82D8F00EE5105 /* Products */;
			projectDirPath = "";
			projectRoot = "";
			targets = (
				49289D9A2AB82D8F00EE5105 /* BluetoothManager */,
			);
		};
/* End PBXProject section */

/* Begin PBXResourcesBuildPhase section */
		49289D992AB82D8F00EE5105 /* Resources */ = {
			isa = PBXResourcesBuildPhase;
			buildActionMask = 2147483647;
			files = (
				49289DA62AB82D9000EE5105 /* Preview Assets.xcassets in Resources */,
				49289DA32AB82D9000EE5105 /* Assets.xcassets in Resources */,
			);
			runOnlyForDeploymentPostprocessing = 0;
		};
/* End PBXResourcesBuildPhase section */

/* Begin PBXSourcesBuildPhase section */
		49289D972AB82D8F00EE5105 /* Sources */ = {
			isa = PBXSourcesBuildPhase;
			buildActionMask = 2147483647;
			files = (
				49289DBB2AB85E9400EE5105 /* BluetoothManagerMock.swift in Sources */,
				49289DA12AB82D8F00EE5105 /* BluetoothListView.swift in Sources */,
				49289DAD2AB83A9B00EE5105 /* BluetoothManagerImpl.swift in Sources */,
				49289DB52AB83DD500EE5105 /* CBManagerAuthorization+Extension.swift in Sources */,
				49289DB92AB85D9A00EE5105 /* BluetoothManager.swift in Sources */,
				49289DB72AB8597800EE5105 /* DeviceModel.swift in Sources */,
				49289DB32AB83CC700EE5105 /* CBManagerState+Extension.swift in Sources */,
				49289D9F2AB82D8F00EE5105 /* BluetoothManagerApp.swift in Sources */,
			);
			runOnlyForDeploymentPostprocessing = 0;
		};
/* End PBXSourcesBuildPhase section */

/* Begin XCBuildConfiguration section */
		49289DA72AB82D9000EE5105 /* Debug */ = {
			isa = XCBuildConfiguration;
			buildSettings = {
				ALWAYS_SEARCH_USER_PATHS = NO;
				CLANG_ANALYZER_NONNULL = YES;
				CLANG_ANALYZER_NUMBER_OBJECT_CONVERSION = YES_AGGRESSIVE;
				CLANG_CXX_LANGUAGE_STANDARD = "gnu++20";
				CLANG_ENABLE_MODULES = YES;
				CLANG_ENABLE_OBJC_ARC = YES;
				CLANG_ENABLE_OBJC_WEAK = YES;
				CLANG_WARN_BLOCK_CAPTURE_AUTORELEASING = YES;
				CLANG_WARN_BOOL_CONVERSION = YES;
				CLANG_WARN_COMMA = YES;
				CLANG_WARN_CONSTANT_CONVERSION = YES;
				CLANG_WARN_DEPRECATED_OBJC_IMPLEMENTATIONS = YES;
				CLANG_WARN_DIRECT_OBJC_ISA_USAGE = YES_ERROR;
				CLANG_WARN_DOCUMENTATION_COMMENTS = YES;
				CLANG_WARN_EMPTY_BODY = YES;
				CLANG_WARN_ENUM_CONVERSION = YES;
				CLANG_WARN_INFINITE_RECURSION = YES;
				CLANG_WARN_INT_CONVERSION = YES;
				CLANG_WARN_NON_LITERAL_NULL_CONVERSION = YES;
				CLANG_WARN_OBJC_IMPLICIT_RETAIN_SELF = YES;
				CLANG_WARN_OBJC_LITERAL_CONVERSION = YES;
				CLANG_WARN_OBJC_ROOT_CLASS = YES_ERROR;
				CLANG_WARN_QUOTED_INCLUDE_IN_FRAMEWORK_HEADER = YES;
				CLANG_WARN_RANGE_LOOP_ANALYSIS = YES;
				CLANG_WARN_STRICT_PROTOTYPES = YES;
				CLANG_WARN_SUSPICIOUS_MOVE = YES;
				CLANG_WARN_UNGUARDED_AVAILABILITY = YES_AGGRESSIVE;
				CLANG_WARN_UNREACHABLE_CODE = YES;
				CLANG_WARN__DUPLICATE_METHOD_MATCH = YES;
				COPY_PHASE_STRIP = NO;
				DEBUG_INFORMATION_FORMAT = dwarf;
				ENABLE_STRICT_OBJC_MSGSEND = YES;
				ENABLE_TESTABILITY = YES;
				GCC_C_LANGUAGE_STANDARD = gnu11;
				GCC_DYNAMIC_NO_PIC = NO;
				GCC_NO_COMMON_BLOCKS = YES;
				GCC_OPTIMIZATION_LEVEL = 0;
				GCC_PREPROCESSOR_DEFINITIONS = (
					"DEBUG=1",
					"$(inherited)",
				);
				GCC_WARN_64_TO_32_BIT_CONVERSION = YES;
				GCC_WARN_ABOUT_RETURN_TYPE = YES_ERROR;
				GCC_WARN_UNDECLARED_SELECTOR = YES;
				GCC_WARN_UNINITIALIZED_AUTOS = YES_AGGRESSIVE;
				GCC_WARN_UNUSED_FUNCTION = YES;
				GCC_WARN_UNUSED_VARIABLE = YES;
				IPHONEOS_DEPLOYMENT_TARGET = 16.4;
				MTL_ENABLE_DEBUG_INFO = INCLUDE_SOURCE;
				MTL_FAST_MATH = YES;
				ONLY_ACTIVE_ARCH = YES;
				SDKROOT = iphoneos;
				SWIFT_ACTIVE_COMPILATION_CONDITIONS = DEBUG;
				SWIFT_OPTIMIZATION_LEVEL = "-Onone";
			};
			name = Debug;
		};
		49289DA82AB82D9000EE5105 /* Release */ = {
			isa = XCBuildConfiguration;
			buildSettings = {
				ALWAYS_SEARCH_USER_PATHS = NO;
				CLANG_ANALYZER_NONNULL = YES;
				CLANG_ANALYZER_NUMBER_OBJECT_CONVERSION = YES_AGGRESSIVE;
				CLANG_CXX_LANGUAGE_STANDARD = "gnu++20";
				CLANG_ENABLE_MODULES = YES;
				CLANG_ENABLE_OBJC_ARC = YES;
				CLANG_ENABLE_OBJC_WEAK = YES;
				CLANG_WARN_BLOCK_CAPTURE_AUTORELEASING = YES;
				CLANG_WARN_BOOL_CONVERSION = YES;
				CLANG_WARN_COMMA = YES;
				CLANG_WARN_CONSTANT_CONVERSION = YES;
				CLANG_WARN_DEPRECATED_OBJC_IMPLEMENTATIONS = YES;
				CLANG_WARN_DIRECT_OBJC_ISA_USAGE = YES_ERROR;
				CLANG_WARN_DOCUMENTATION_COMMENTS = YES;
				CLANG_WARN_EMPTY_BODY = YES;
				CLANG_WARN_ENUM_CONVERSION = YES;
				CLANG_WARN_INFINITE_RECURSION = YES;
				CLANG_WARN_INT_CONVERSION = YES;
				CLANG_WARN_NON_LITERAL_NULL_CONVERSION = YES;
				CLANG_WARN_OBJC_IMPLICIT_RETAIN_SELF = YES;
				CLANG_WARN_OBJC_LITERAL_CONVERSION = YES;
				CLANG_WARN_OBJC_ROOT_CLASS = YES_ERROR;
				CLANG_WARN_QUOTED_INCLUDE_IN_FRAMEWORK_HEADER = YES;
				CLANG_WARN_RANGE_LOOP_ANALYSIS = YES;
				CLANG_WARN_STRICT_PROTOTYPES = YES;
				CLANG_WARN_SUSPICIOUS_MOVE = YES;
				CLANG_WARN_UNGUARDED_AVAILABILITY = YES_AGGRESSIVE;
				CLANG_WARN_UNREACHABLE_CODE = YES;
				CLANG_WARN__DUPLICATE_METHOD_MATCH = YES;
				COPY_PHASE_STRIP = NO;
				DEBUG_INFORMATION_FORMAT = "dwarf-with-dsym";
				ENABLE_NS_ASSERTIONS = NO;
				ENABLE_STRICT_OBJC_MSGSEND = YES;
				GCC_C_LANGUAGE_STANDARD = gnu11;
				GCC_NO_COMMON_BLOCKS = YES;
				GCC_WARN_64_TO_32_BIT_CONVERSION = YES;
				GCC_WARN_ABOUT_RETURN_TYPE = YES_ERROR;
				GCC_WARN_UNDECLARED_SELECTOR = YES;
				GCC_WARN_UNINITIALIZED_AUTOS = YES_AGGRESSIVE;
				GCC_WARN_UNUSED_FUNCTION = YES;
				GCC_WARN_UNUSED_VARIABLE = YES;
				IPHONEOS_DEPLOYMENT_TARGET = 16.4;
				MTL_ENABLE_DEBUG_INFO = NO;
				MTL_FAST_MATH = YES;
				SDKROOT = iphoneos;
				SWIFT_COMPILATION_MODE = wholemodule;
				SWIFT_OPTIMIZATION_LEVEL = "-O";
				VALIDATE_PRODUCT = YES;
			};
			name = Release;
		};
		49289DAA2AB82D9000EE5105 /* Debug */ = {
			isa = XCBuildConfiguration;
			buildSettings = {
				ASSETCATALOG_COMPILER_APPICON_NAME = AppIcon;
				ASSETCATALOG_COMPILER_GLOBAL_ACCENT_COLOR_NAME = AccentColor;
				CODE_SIGN_STYLE = Automatic;
				CURRENT_PROJECT_VERSION = 1;
				DEVELOPMENT_ASSET_PATHS = "\"BluetoothManager/Preview Content\"";
				DEVELOPMENT_TEAM = AS8Z7AADYW;
				ENABLE_PREVIEWS = YES;
				GENERATE_INFOPLIST_FILE = YES;
				INFOPLIST_KEY_NSBluetoothAlwaysUsageDescription = "let me in";
				INFOPLIST_KEY_UIApplicationSceneManifest_Generation = YES;
				INFOPLIST_KEY_UIApplicationSupportsIndirectInputEvents = YES;
				INFOPLIST_KEY_UILaunchScreen_Generation = YES;
				INFOPLIST_KEY_UISupportedInterfaceOrientations_iPad = "UIInterfaceOrientationPortrait UIInterfaceOrientationPortraitUpsideDown UIInterfaceOrientationLandscapeLeft UIInterfaceOrientationLandscapeRight";
				INFOPLIST_KEY_UISupportedInterfaceOrientations_iPhone = "UIInterfaceOrientationPortrait UIInterfaceOrientationLandscapeLeft UIInterfaceOrientationLandscapeRight";
				LD_RUNPATH_SEARCH_PATHS = (
					"$(inherited)",
					"@executable_path/Frameworks",
				);
				MARKETING_VERSION = 1.0;
				PRODUCT_BUNDLE_IDENTIFIER = ADLER.BluetoothManager;
				PRODUCT_NAME = "$(TARGET_NAME)";
				SWIFT_EMIT_LOC_STRINGS = YES;
				SWIFT_VERSION = 5.0;
				TARGETED_DEVICE_FAMILY = "1,2";
			};
			name = Debug;
		};
		49289DAB2AB82D9000EE5105 /* Release */ = {
			isa = XCBuildConfiguration;
			buildSettings = {
				ASSETCATALOG_COMPILER_APPICON_NAME = AppIcon;
				ASSETCATALOG_COMPILER_GLOBAL_ACCENT_COLOR_NAME = AccentColor;
				CODE_SIGN_STYLE = Automatic;
				CURRENT_PROJECT_VERSION = 1;
				DEVELOPMENT_ASSET_PATHS = "\"BluetoothManager/Preview Content\"";
				DEVELOPMENT_TEAM = AS8Z7AADYW;
				ENABLE_PREVIEWS = YES;
				GENERATE_INFOPLIST_FILE = YES;
				INFOPLIST_KEY_NSBluetoothAlwaysUsageDescription = "let me in";
				INFOPLIST_KEY_UIApplicationSceneManifest_Generation = YES;
				INFOPLIST_KEY_UIApplicationSupportsIndirectInputEvents = YES;
				INFOPLIST_KEY_UILaunchScreen_Generation = YES;
				INFOPLIST_KEY_UISupportedInterfaceOrientations_iPad = "UIInterfaceOrientationPortrait UIInterfaceOrientationPortraitUpsideDown UIInterfaceOrientationLandscapeLeft UIInterfaceOrientationLandscapeRight";
				INFOPLIST_KEY_UISupportedInterfaceOrientations_iPhone = "UIInterfaceOrientationPortrait UIInterfaceOrientationLandscapeLeft UIInterfaceOrientationLandscapeRight";
				LD_RUNPATH_SEARCH_PATHS = (
					"$(inherited)",
					"@executable_path/Frameworks",
				);
				MARKETING_VERSION = 1.0;
				PRODUCT_BUNDLE_IDENTIFIER = ADLER.BluetoothManager;
				PRODUCT_NAME = "$(TARGET_NAME)";
				SWIFT_EMIT_LOC_STRINGS = YES;
				SWIFT_VERSION = 5.0;
				TARGETED_DEVICE_FAMILY = "1,2";
			};
			name = Release;
		};
/* End XCBuildConfiguration section */

/* Begin XCConfigurationList section */
		49289D962AB82D8F00EE5105 /* Build configuration list for PBXProject "BluetoothManager" */ = {
			isa = XCConfigurationList;
			buildConfigurations = (
				49289DA72AB82D9000EE5105 /* Debug */,
				49289DA82AB82D9000EE5105 /* Release */,
			);
			defaultConfigurationIsVisible = 0;
			defaultConfigurationName = Release;
		};
		49289DA92AB82D9000EE5105 /* Build configuration list for PBXNativeTarget "BluetoothManager" */ = {
			isa = XCConfigurationList;
			buildConfigurations = (
				49289DAA2AB82D9000EE5105 /* Debug */,
				49289DAB2AB82D9000EE5105 /* Release */,
			);
			defaultConfigurationIsVisible = 0;
			defaultConfigurationName = Release;
		};
/* End XCConfigurationList section */
	};
	rootObject = 49289D932AB82D8F00EE5105 /* Project object */;
}
